{
  "version": "5",
  "remote": {
    "https://edge.netlify.com/": "fd941d61d88673d5f28aab283fb86fcc50f08a3bc80ee5470498fcfa88c65cfb",
    "https://edge.netlify.com/bootstrap/config.ts": "0aa0a225d978b89e0e62cbd853701605199e7a84095e55eeb70147faf1a24803",
    "https://edge.netlify.com/bootstrap/context.ts": "b9b4e7cbb67a9d83cb28e45145ba3dfa6f05ad965587ef7e2fb0896da62dd16e",
    "https://edge.netlify.com/bootstrap/cookie.ts": "8b0baae708989ca183c6f3b4ab3d029e6abcbc2e43f93edeb0ff447b3bbc3a05",
    "https://edge.netlify.com/bootstrap/edge_function.ts": "b8253e86aa83c67341f5cfedeba5049d77fbf84dcab7eceff7566b7728ae9b39",
    "https://edge.netlify.com/bootstrap/globals/types.ts": "eaa6148ded3121d8dee62dd91c86e7fe76601df0f3ca8d7962243a30f4c8935f"
  },
  "workspace": {
    "packageJson": {
      "dependencies": [
        "npm:@improvements/vite-plugin-devtools-json@^0.0.3",
        "npm:@monaco-editor/react@^4.7.0",
        "npm:@react-router/dev@^7.4.1",
        "npm:@react-router/node@^7.4.1",
        "npm:@react-router/serve@^7.4.1",
        "npm:@shikijs/monaco@^3.2.1",
        "npm:@tailwindcss/typography@~0.5.16",
        "npm:@tailwindcss/vite@^4.1.2",
        "npm:@testing-library/jest-dom@^6.6.3",
        "npm:@testing-library/react@^16.3.0",
        "npm:@testing-library/user-event@^14.6.1",
        "npm:@types/node@^22.14.0",
        "npm:@types/react-dom@^19.1.1",
        "npm:@types/react@^19.1.0",
        "npm:@vitest/coverage-v8@^3.1.1",
        "npm:call-ai@0.10.2",
        "npm:concurrently@^9.1.2",
        "npm:isbot@^5.1.25",
        "npm:jose@^6.0.10",
        "npm:jsdom@26",
        "npm:multiformats@^13.3.7",
        "npm:netlify-cli@^17.17.1",
        "npm:posthog-js@^1.240.6",
        "npm:prettier-plugin-tailwindcss@~0.6.11",
        "npm:prettier@^3.5.3",
        "npm:react-cookie-consent@9",
        "npm:react-dom@^19.1.0",
        "npm:react-ga4@^2.1.0",
        "npm:react-hot-toast@^2.5.2",
        "npm:react-markdown@^10.1.0",
        "npm:react-router-devtools@^1.1.8",
        "npm:react-router-dom@^7.5.0",
        "npm:react-router@^7.4.1",
        "npm:react@^19.1.0",
        "npm:serve@^14.2.4",
        "npm:shiki@^3.2.1",
        "npm:tailwindcss@^4.1.2",
        "npm:tsx@^4.19.3",
        "npm:typescript@^5.8.2",
        "npm:use-fireproof@0.20.5",
        "npm:vite-tsconfig-paths@^5.1.4",
        "npm:vite@^6.2.5",
        "npm:vitest@^3.1.1"
      ]
    }
  }
}
